<?xml version="1.0" encoding="utf-8"?>
<Project ToolsVersion="4.0" xmlns="http://schemas.microsoft.com/developer/msbuild/2003">
  <ItemGroup>
    <Filter Include="헤더 파일">
      <UniqueIdentifier>{93995380-89BD-4b04-88EB-625FBE52EBFB}</UniqueIdentifier>
      <Extensions>h;hh;hpp;hxx;h++;hm;inl;inc;ipp;xsd</Extensions>
    </Filter>
    <Filter Include="리소스 파일">
      <UniqueIdentifier>{67DA6AB6-F800-4c08-8B7A-83BB121AAD01}</UniqueIdentifier>
      <Extensions>rc;ico;cur;bmp;dlg;rc2;rct;bin;rgs;gif;jpg;jpeg;jpe;resx;tiff;tif;png;wav;mfcribbon-ms</Extensions>
    </Filter>
    <Filter Include="메인윈도우시스템">
      <UniqueIdentifier>{29eca2d1-db69-43db-9a65-82daa62af797}</UniqueIdentifier>
    </Filter>
    <Filter Include="유틸리티">
      <UniqueIdentifier>{b027cea5-1a32-44c9-a6aa-ca1ce292b989}</UniqueIdentifier>
    </Filter>
    <Filter Include="미리컴파일된헤더">
      <UniqueIdentifier>{283e03b7-f87b-417b-b9e4-6a431764fc94}</UniqueIdentifier>
    </Filter>
    <Filter Include="프로시저">
      <UniqueIdentifier>{8e2b21eb-50d1-487e-ad5d-fea9f956ad32}</UniqueIdentifier>
    </Filter>
  </ItemGroup>
  <ItemGroup>
    <ClInclude Include="framework.h">
      <Filter>헤더 파일</Filter>
    </ClInclude>
    <ClInclude Include="targetver.h">
      <Filter>헤더 파일</Filter>
    </ClInclude>
    <ClInclude Include="Resource.h">
      <Filter>헤더 파일</Filter>
    </ClInclude>
    <ClInclude Include="WP_SinCos.h">
      <Filter>메인윈도우시스템</Filter>
    </ClInclude>
    <ClInclude Include="pch.h">
      <Filter>미리컴파일된헤더</Filter>
    </ClInclude>
    <ClInclude Include="gdiUtil.h">
      <Filter>유틸리티</Filter>
    </ClInclude>
    <ClInclude Include="AboutProc.h">
      <Filter>프로시저</Filter>
    </ClInclude>
    <ClInclude Include="MainProc.h">
      <Filter>프로시저</Filter>
    </ClInclude>
  </ItemGroup>
  <ItemGroup>
    <ClCompile Include="WP_SinCos.cpp">
      <Filter>메인윈도우시스템</Filter>
    </ClCompile>
    <ClCompile Include="pch.cpp">
      <Filter>미리컴파일된헤더</Filter>
    </ClCompile>
    <ClCompile Include="gdiUtil.cpp">
      <Filter>유틸리티</Filter>
    </ClCompile>
    <ClCompile Include="AboutProc.cpp">
      <Filter>프로시저</Filter>
    </ClCompile>
    <ClCompile Include="MainProc.cpp">
      <Filter>프로시저</Filter>
    </ClCompile>
  </ItemGroup>
  <ItemGroup>
    <ResourceCompile Include="WP_SinCos.rc">
      <Filter>리소스 파일</Filter>
    </ResourceCompile>
  </ItemGroup>
  <ItemGroup>
    <Image Include="small.ico">
      <Filter>리소스 파일</Filter>
    </Image>
    <Image Include="WP_SinCos.ico">
      <Filter>리소스 파일</Filter>
    </Image>
  </ItemGroup>
</Project>