
Microsoft Visual Studio Solution File, Format Version 12.00
# Visual Studio Version 17
VisualStudioVersion = 17.13.35919.96
MinimumVisualStudioVersion = 10.0.40219.1
Project("{8BC9CEB8-8B4A-11D0-8D11-00A0C91BC942}") = "FristProject", "FristProject\FristProject.vcxproj", "{8D20BF14-7498-4827-86B7-A82FD13A0997}"
EndProject
Project("{8BC9CEB8-8B4A-11D0-8D11-00A0C91BC942}") = "SecondProject", "SecondProject\SecondProject.vcxproj", "{587DA08E-26D3-489A-8393-D7F39C1B6AE9}"
EndProject
Project("{8BC9CEB8-8B4A-11D0-8D11-00A0C91BC942}") = "ThirdProject", "ThirdProject\ThirdProject.vcxproj", "{50D92693-E60D-4C26-B549-BD16A32C9238}"
EndProject
Project("{8BC9CEB8-8B4A-11D0-8D11-00A0C91BC942}") = "FounthProject", "FounthProject\FounthProject.vcxproj", "{6150815D-EA5A-4514-9A66-8CF4D42032F5}"
EndProject
Project("{8BC9CEB8-8B4A-11D0-8D11-00A0C91BC942}") = "FiveProjecr", "FiveProjecr\FiveProjecr.vcxproj", "{216C7374-B3DF-4F74-BA4A-144866B348B6}"
EndProject
Project("{2150E333-8FDC-42A3-9474-1A3956D46DE8}") = "0.윈도우생성단계별", "0.윈도우생성단계별", "{C8D5274F-AC00-46C7-1F8D-E88E81087A52}"
EndProject
Project("{2150E333-8FDC-42A3-9474-1A3956D46DE8}") = "01.윈도우_GDI기초", "01.윈도우_GDI기초", "{F01DA764-9968-4096-9B5A-5F2CDBA4FB5E}"
EndProject
Project("{8BC9CEB8-8B4A-11D0-8D11-00A0C91BC942}") = "00.WindowProject_PixelOutput", "WindowProject_PixelOutput\WindowProject_PixelOutput.vcxproj", "{0F0F3CA3-F050-4B53-8B9F-0E79CF4EA425}"
EndProject
Project("{2150E333-8FDC-42A3-9474-1A3956D46DE8}") = "0_.Console", "0_.Console", "{04F62CD2-0219-4C94-9E2A-F30A237A4CB4}"
EndProject
Project("{8BC9CEB8-8B4A-11D0-8D11-00A0C91BC942}") = "CmdProject_Numbers", "CmdProject_Numbers\CmdProject_Numbers.vcxproj", "{CA54C6C1-C41B-4F8F-9660-E90C311FA1D5}"
EndProject
Project("{8BC9CEB8-8B4A-11D0-8D11-00A0C91BC942}") = "01.WP_LineOutput", "WP_LineOutput\WP_LineOutput.vcxproj", "{0429EEA4-3D82-47CA-A312-99D56A0552B6}"
EndProject
Project("{8BC9CEB8-8B4A-11D0-8D11-00A0C91BC942}") = "02.WP_Clock01", "WP_Clock01\WP_Clock01.vcxproj", "{AEE9C6FC-C67B-4001-A5FA-BCACC78995DA}"
EndProject
Project("{8BC9CEB8-8B4A-11D0-8D11-00A0C91BC942}") = "3.WP_Clock_02", "WP_Clock_02\WP_Clock_02.vcxproj", "{4F70A44F-145C-4657-A1A2-61080A73442A}"
EndProject
Project("{2150E333-8FDC-42A3-9474-1A3956D46DE8}") = "시계", "시계", "{447685C9-C551-46F3-AE3E-0FE4CE752308}"
EndProject
Project("{8BC9CEB8-8B4A-11D0-8D11-00A0C91BC942}") = "WP_SinCos", "WP_SinCos\WP_SinCos.vcxproj", "{5C38223D-C353-4AAB-8874-DBF6AF2FF239}"
EndProject
Project("{8BC9CEB8-8B4A-11D0-8D11-00A0C91BC942}") = "7.WP_AnalogClock_03", "WP_AnalogClock_03\WP_AnalogClock_03.vcxproj", "{FBF5B04F-99D5-4EC4-95EC-A831B0DD586F}"
EndProject
Project("{2150E333-8FDC-42A3-9474-1A3956D46DE8}") = "02.윈도우_MSG처리", "02.윈도우_MSG처리", "{5423ABD1-AF0D-429D-B2CC-56881EC9652A}"
EndProject
Project("{2150E333-8FDC-42A3-9474-1A3956D46DE8}") = "입력장치", "입력장치", "{2A75F9B6-038E-4CD0-8701-EF747A088DFA}"
EndProject
Project("{2150E333-8FDC-42A3-9474-1A3956D46DE8}") = "GDI", "GDI", "{5F3FD7D0-BA6A-4F68-80AC-57D14EE3A38F}"
EndProject
Project("{8BC9CEB8-8B4A-11D0-8D11-00A0C91BC942}") = "1.MouseInputProject_01", "MouseInputProject_01\MouseInputProject_01.vcxproj", "{89D8E057-01F2-4B73-9340-AFCE76C049D2}"
EndProject
Project("{8BC9CEB8-8B4A-11D0-8D11-00A0C91BC942}") = "2.WP_Mouse_02", "WP_Mouse_02\WP_Mouse_02.vcxproj", "{B602644D-6AFF-4A5C-916D-6C57F156F4C5}"
EndProject
Project("{8BC9CEB8-8B4A-11D0-8D11-00A0C91BC942}") = "3.WP_Keyborad_01", "WP_Keyborad_01\WP_Keyborad_01.vcxproj", "{9F01AFBD-6FEC-48CE-9960-7EDFB94C6E80}"
EndProject
Project("{8BC9CEB8-8B4A-11D0-8D11-00A0C91BC942}") = "WP_Mouse_03", "WP_Mouse_03\WP_Mouse_03.vcxproj", "{D9758177-1FC5-4FE0-8DAE-D88679FC0D7B}"
EndProject
Project("{8BC9CEB8-8B4A-11D0-8D11-00A0C91BC942}") = "WP_Mouse_04", "WP_Mouse_04\WP_Mouse_04.vcxproj", "{F2829057-E329-4C56-9D9C-83FC123ED40D}"
EndProject
Project("{8BC9CEB8-8B4A-11D0-8D11-00A0C91BC942}") = "WP_GameProject_01", "WP_GameProject_01\WP_GameProject_01.vcxproj", "{1B3B90FE-A3A2-446C-B3EC-EE5EE20E452B}"
EndProject
Project("{2150E333-8FDC-42A3-9474-1A3956D46DE8}") = "03.WindowGame", "03.WindowGame", "{79D65340-B71B-4224-8297-290B59AF1C5E}"
EndProject
Global
	GlobalSection(SolutionConfigurationPlatforms) = preSolution
		Debug|x64 = Debug|x64
		Debug|x86 = Debug|x86
		Release|x64 = Release|x64
		Release|x86 = Release|x86
	EndGlobalSection
	GlobalSection(ProjectConfigurationPlatforms) = postSolution
		{8D20BF14-7498-4827-86B7-A82FD13A0997}.Debug|x64.ActiveCfg = Debug|x64
		{8D20BF14-7498-4827-86B7-A82FD13A0997}.Debug|x64.Build.0 = Debug|x64
		{8D20BF14-7498-4827-86B7-A82FD13A0997}.Debug|x86.ActiveCfg = Debug|Win32
		{8D20BF14-7498-4827-86B7-A82FD13A0997}.Debug|x86.Build.0 = Debug|Win32
		{8D20BF14-7498-4827-86B7-A82FD13A0997}.Release|x64.ActiveCfg = Release|x64
		{8D20BF14-7498-4827-86B7-A82FD13A0997}.Release|x64.Build.0 = Release|x64
		{8D20BF14-7498-4827-86B7-A82FD13A0997}.Release|x86.ActiveCfg = Release|Win32
		{8D20BF14-7498-4827-86B7-A82FD13A0997}.Release|x86.Build.0 = Release|Win32
		{587DA08E-26D3-489A-8393-D7F39C1B6AE9}.Debug|x64.ActiveCfg = Debug|x64
		{587DA08E-26D3-489A-8393-D7F39C1B6AE9}.Debug|x64.Build.0 = Debug|x64
		{587DA08E-26D3-489A-8393-D7F39C1B6AE9}.Debug|x86.ActiveCfg = Debug|Win32
		{587DA08E-26D3-489A-8393-D7F39C1B6AE9}.Debug|x86.Build.0 = Debug|Win32
		{587DA08E-26D3-489A-8393-D7F39C1B6AE9}.Release|x64.ActiveCfg = Release|x64
		{587DA08E-26D3-489A-8393-D7F39C1B6AE9}.Release|x64.Build.0 = Release|x64
		{587DA08E-26D3-489A-8393-D7F39C1B6AE9}.Release|x86.ActiveCfg = Release|Win32
		{587DA08E-26D3-489A-8393-D7F39C1B6AE9}.Release|x86.Build.0 = Release|Win32
		{50D92693-E60D-4C26-B549-BD16A32C9238}.Debug|x64.ActiveCfg = Debug|x64
		{50D92693-E60D-4C26-B549-BD16A32C9238}.Debug|x64.Build.0 = Debug|x64
		{50D92693-E60D-4C26-B549-BD16A32C9238}.Debug|x86.ActiveCfg = Debug|Win32
		{50D92693-E60D-4C26-B549-BD16A32C9238}.Debug|x86.Build.0 = Debug|Win32
		{50D92693-E60D-4C26-B549-BD16A32C9238}.Release|x64.ActiveCfg = Release|x64
		{50D92693-E60D-4C26-B549-BD16A32C9238}.Release|x64.Build.0 = Release|x64
		{50D92693-E60D-4C26-B549-BD16A32C9238}.Release|x86.ActiveCfg = Release|Win32
		{50D92693-E60D-4C26-B549-BD16A32C9238}.Release|x86.Build.0 = Release|Win32
		{6150815D-EA5A-4514-9A66-8CF4D42032F5}.Debug|x64.ActiveCfg = Debug|x64
		{6150815D-EA5A-4514-9A66-8CF4D42032F5}.Debug|x64.Build.0 = Debug|x64
		{6150815D-EA5A-4514-9A66-8CF4D42032F5}.Debug|x86.ActiveCfg = Debug|Win32
		{6150815D-EA5A-4514-9A66-8CF4D42032F5}.Debug|x86.Build.0 = Debug|Win32
		{6150815D-EA5A-4514-9A66-8CF4D42032F5}.Release|x64.ActiveCfg = Release|x64
		{6150815D-EA5A-4514-9A66-8CF4D42032F5}.Release|x64.Build.0 = Release|x64
		{6150815D-EA5A-4514-9A66-8CF4D42032F5}.Release|x86.ActiveCfg = Release|Win32
		{6150815D-EA5A-4514-9A66-8CF4D42032F5}.Release|x86.Build.0 = Release|Win32
		{216C7374-B3DF-4F74-BA4A-144866B348B6}.Debug|x64.ActiveCfg = Debug|x64
		{216C7374-B3DF-4F74-BA4A-144866B348B6}.Debug|x64.Build.0 = Debug|x64
		{216C7374-B3DF-4F74-BA4A-144866B348B6}.Debug|x86.ActiveCfg = Debug|Win32
		{216C7374-B3DF-4F74-BA4A-144866B348B6}.Debug|x86.Build.0 = Debug|Win32
		{216C7374-B3DF-4F74-BA4A-144866B348B6}.Release|x64.ActiveCfg = Release|x64
		{216C7374-B3DF-4F74-BA4A-144866B348B6}.Release|x64.Build.0 = Release|x64
		{216C7374-B3DF-4F74-BA4A-144866B348B6}.Release|x86.ActiveCfg = Release|Win32
		{216C7374-B3DF-4F74-BA4A-144866B348B6}.Release|x86.Build.0 = Release|Win32
		{0F0F3CA3-F050-4B53-8B9F-0E79CF4EA425}.Debug|x64.ActiveCfg = Debug|x64
		{0F0F3CA3-F050-4B53-8B9F-0E79CF4EA425}.Debug|x64.Build.0 = Debug|x64
		{0F0F3CA3-F050-4B53-8B9F-0E79CF4EA425}.Debug|x86.ActiveCfg = Debug|Win32
		{0F0F3CA3-F050-4B53-8B9F-0E79CF4EA425}.Debug|x86.Build.0 = Debug|Win32
		{0F0F3CA3-F050-4B53-8B9F-0E79CF4EA425}.Release|x64.ActiveCfg = Release|x64
		{0F0F3CA3-F050-4B53-8B9F-0E79CF4EA425}.Release|x64.Build.0 = Release|x64
		{0F0F3CA3-F050-4B53-8B9F-0E79CF4EA425}.Release|x86.ActiveCfg = Release|Win32
		{0F0F3CA3-F050-4B53-8B9F-0E79CF4EA425}.Release|x86.Build.0 = Release|Win32
		{CA54C6C1-C41B-4F8F-9660-E90C311FA1D5}.Debug|x64.ActiveCfg = Debug|x64
		{CA54C6C1-C41B-4F8F-9660-E90C311FA1D5}.Debug|x64.Build.0 = Debug|x64
		{CA54C6C1-C41B-4F8F-9660-E90C311FA1D5}.Debug|x86.ActiveCfg = Debug|Win32
		{CA54C6C1-C41B-4F8F-9660-E90C311FA1D5}.Debug|x86.Build.0 = Debug|Win32
		{CA54C6C1-C41B-4F8F-9660-E90C311FA1D5}.Release|x64.ActiveCfg = Release|x64
		{CA54C6C1-C41B-4F8F-9660-E90C311FA1D5}.Release|x64.Build.0 = Release|x64
		{CA54C6C1-C41B-4F8F-9660-E90C311FA1D5}.Release|x86.ActiveCfg = Release|Win32
		{CA54C6C1-C41B-4F8F-9660-E90C311FA1D5}.Release|x86.Build.0 = Release|Win32
		{0429EEA4-3D82-47CA-A312-99D56A0552B6}.Debug|x64.ActiveCfg = Debug|x64
		{0429EEA4-3D82-47CA-A312-99D56A0552B6}.Debug|x64.Build.0 = Debug|x64
		{0429EEA4-3D82-47CA-A312-99D56A0552B6}.Debug|x86.ActiveCfg = Debug|Win32
		{0429EEA4-3D82-47CA-A312-99D56A0552B6}.Debug|x86.Build.0 = Debug|Win32
		{0429EEA4-3D82-47CA-A312-99D56A0552B6}.Release|x64.ActiveCfg = Release|x64
		{0429EEA4-3D82-47CA-A312-99D56A0552B6}.Release|x64.Build.0 = Release|x64
		{0429EEA4-3D82-47CA-A312-99D56A0552B6}.Release|x86.ActiveCfg = Release|Win32
		{0429EEA4-3D82-47CA-A312-99D56A0552B6}.Release|x86.Build.0 = Release|Win32
		{AEE9C6FC-C67B-4001-A5FA-BCACC78995DA}.Debug|x64.ActiveCfg = Debug|x64
		{AEE9C6FC-C67B-4001-A5FA-BCACC78995DA}.Debug|x64.Build.0 = Debug|x64
		{AEE9C6FC-C67B-4001-A5FA-BCACC78995DA}.Debug|x86.ActiveCfg = Debug|Win32
		{AEE9C6FC-C67B-4001-A5FA-BCACC78995DA}.Debug|x86.Build.0 = Debug|Win32
		{AEE9C6FC-C67B-4001-A5FA-BCACC78995DA}.Release|x64.ActiveCfg = Release|x64
		{AEE9C6FC-C67B-4001-A5FA-BCACC78995DA}.Release|x64.Build.0 = Release|x64
		{AEE9C6FC-C67B-4001-A5FA-BCACC78995DA}.Release|x86.ActiveCfg = Release|Win32
		{AEE9C6FC-C67B-4001-A5FA-BCACC78995DA}.Release|x86.Build.0 = Release|Win32
		{4F70A44F-145C-4657-A1A2-61080A73442A}.Debug|x64.ActiveCfg = Debug|x64
		{4F70A44F-145C-4657-A1A2-61080A73442A}.Debug|x64.Build.0 = Debug|x64
		{4F70A44F-145C-4657-A1A2-61080A73442A}.Debug|x86.ActiveCfg = Debug|Win32
		{4F70A44F-145C-4657-A1A2-61080A73442A}.Debug|x86.Build.0 = Debug|Win32
		{4F70A44F-145C-4657-A1A2-61080A73442A}.Release|x64.ActiveCfg = Release|x64
		{4F70A44F-145C-4657-A1A2-61080A73442A}.Release|x64.Build.0 = Release|x64
		{4F70A44F-145C-4657-A1A2-61080A73442A}.Release|x86.ActiveCfg = Release|Win32
		{4F70A44F-145C-4657-A1A2-61080A73442A}.Release|x86.Build.0 = Release|Win32
		{5C38223D-C353-4AAB-8874-DBF6AF2FF239}.Debug|x64.ActiveCfg = Debug|x64
		{5C38223D-C353-4AAB-8874-DBF6AF2FF239}.Debug|x64.Build.0 = Debug|x64
		{5C38223D-C353-4AAB-8874-DBF6AF2FF239}.Debug|x86.ActiveCfg = Debug|Win32
		{5C38223D-C353-4AAB-8874-DBF6AF2FF239}.Debug|x86.Build.0 = Debug|Win32
		{5C38223D-C353-4AAB-8874-DBF6AF2FF239}.Release|x64.ActiveCfg = Release|x64
		{5C38223D-C353-4AAB-8874-DBF6AF2FF239}.Release|x64.Build.0 = Release|x64
		{5C38223D-C353-4AAB-8874-DBF6AF2FF239}.Release|x86.ActiveCfg = Release|Win32
		{5C38223D-C353-4AAB-8874-DBF6AF2FF239}.Release|x86.Build.0 = Release|Win32
		{FBF5B04F-99D5-4EC4-95EC-A831B0DD586F}.Debug|x64.ActiveCfg = Debug|x64
		{FBF5B04F-99D5-4EC4-95EC-A831B0DD586F}.Debug|x64.Build.0 = Debug|x64
		{FBF5B04F-99D5-4EC4-95EC-A831B0DD586F}.Debug|x86.ActiveCfg = Debug|Win32
		{FBF5B04F-99D5-4EC4-95EC-A831B0DD586F}.Debug|x86.Build.0 = Debug|Win32
		{FBF5B04F-99D5-4EC4-95EC-A831B0DD586F}.Release|x64.ActiveCfg = Release|x64
		{FBF5B04F-99D5-4EC4-95EC-A831B0DD586F}.Release|x64.Build.0 = Release|x64
		{FBF5B04F-99D5-4EC4-95EC-A831B0DD586F}.Release|x86.ActiveCfg = Release|Win32
		{FBF5B04F-99D5-4EC4-95EC-A831B0DD586F}.Release|x86.Build.0 = Release|Win32
		{89D8E057-01F2-4B73-9340-AFCE76C049D2}.Debug|x64.ActiveCfg = Debug|x64
		{89D8E057-01F2-4B73-9340-AFCE76C049D2}.Debug|x64.Build.0 = Debug|x64
		{89D8E057-01F2-4B73-9340-AFCE76C049D2}.Debug|x86.ActiveCfg = Debug|Win32
		{89D8E057-01F2-4B73-9340-AFCE76C049D2}.Debug|x86.Build.0 = Debug|Win32
		{89D8E057-01F2-4B73-9340-AFCE76C049D2}.Release|x64.ActiveCfg = Release|x64
		{89D8E057-01F2-4B73-9340-AFCE76C049D2}.Release|x64.Build.0 = Release|x64
		{89D8E057-01F2-4B73-9340-AFCE76C049D2}.Release|x86.ActiveCfg = Release|Win32
		{89D8E057-01F2-4B73-9340-AFCE76C049D2}.Release|x86.Build.0 = Release|Win32
		{B602644D-6AFF-4A5C-916D-6C57F156F4C5}.Debug|x64.ActiveCfg = Debug|x64
		{B602644D-6AFF-4A5C-916D-6C57F156F4C5}.Debug|x64.Build.0 = Debug|x64
		{B602644D-6AFF-4A5C-916D-6C57F156F4C5}.Debug|x86.ActiveCfg = Debug|Win32
		{B602644D-6AFF-4A5C-916D-6C57F156F4C5}.Debug|x86.Build.0 = Debug|Win32
		{B602644D-6AFF-4A5C-916D-6C57F156F4C5}.Release|x64.ActiveCfg = Release|x64
		{B602644D-6AFF-4A5C-916D-6C57F156F4C5}.Release|x64.Build.0 = Release|x64
		{B602644D-6AFF-4A5C-916D-6C57F156F4C5}.Release|x86.ActiveCfg = Release|Win32
		{B602644D-6AFF-4A5C-916D-6C57F156F4C5}.Release|x86.Build.0 = Release|Win32
		{9F01AFBD-6FEC-48CE-9960-7EDFB94C6E80}.Debug|x64.ActiveCfg = Debug|x64
		{9F01AFBD-6FEC-48CE-9960-7EDFB94C6E80}.Debug|x64.Build.0 = Debug|x64
		{9F01AFBD-6FEC-48CE-9960-7EDFB94C6E80}.Debug|x86.ActiveCfg = Debug|Win32
		{9F01AFBD-6FEC-48CE-9960-7EDFB94C6E80}.Debug|x86.Build.0 = Debug|Win32
		{9F01AFBD-6FEC-48CE-9960-7EDFB94C6E80}.Release|x64.ActiveCfg = Release|x64
		{9F01AFBD-6FEC-48CE-9960-7EDFB94C6E80}.Release|x64.Build.0 = Release|x64
		{9F01AFBD-6FEC-48CE-9960-7EDFB94C6E80}.Release|x86.ActiveCfg = Release|Win32
		{9F01AFBD-6FEC-48CE-9960-7EDFB94C6E80}.Release|x86.Build.0 = Release|Win32
		{D9758177-1FC5-4FE0-8DAE-D88679FC0D7B}.Debug|x64.ActiveCfg = Debug|x64
		{D9758177-1FC5-4FE0-8DAE-D88679FC0D7B}.Debug|x64.Build.0 = Debug|x64
		{D9758177-1FC5-4FE0-8DAE-D88679FC0D7B}.Debug|x86.ActiveCfg = Debug|Win32
		{D9758177-1FC5-4FE0-8DAE-D88679FC0D7B}.Debug|x86.Build.0 = Debug|Win32
		{D9758177-1FC5-4FE0-8DAE-D88679FC0D7B}.Release|x64.ActiveCfg = Release|x64
		{D9758177-1FC5-4FE0-8DAE-D88679FC0D7B}.Release|x64.Build.0 = Release|x64
		{D9758177-1FC5-4FE0-8DAE-D88679FC0D7B}.Release|x86.ActiveCfg = Release|Win32
		{D9758177-1FC5-4FE0-8DAE-D88679FC0D7B}.Release|x86.Build.0 = Release|Win32
		{F2829057-E329-4C56-9D9C-83FC123ED40D}.Debug|x64.ActiveCfg = Debug|x64
		{F2829057-E329-4C56-9D9C-83FC123ED40D}.Debug|x64.Build.0 = Debug|x64
		{F2829057-E329-4C56-9D9C-83FC123ED40D}.Debug|x86.ActiveCfg = Debug|Win32
		{F2829057-E329-4C56-9D9C-83FC123ED40D}.Debug|x86.Build.0 = Debug|Win32
		{F2829057-E329-4C56-9D9C-83FC123ED40D}.Release|x64.ActiveCfg = Release|x64
		{F2829057-E329-4C56-9D9C-83FC123ED40D}.Release|x64.Build.0 = Release|x64
		{F2829057-E329-4C56-9D9C-83FC123ED40D}.Release|x86.ActiveCfg = Release|Win32
		{F2829057-E329-4C56-9D9C-83FC123ED40D}.Release|x86.Build.0 = Release|Win32
		{1B3B90FE-A3A2-446C-B3EC-EE5EE20E452B}.Debug|x64.ActiveCfg = Debug|x64
		{1B3B90FE-A3A2-446C-B3EC-EE5EE20E452B}.Debug|x64.Build.0 = Debug|x64
		{1B3B90FE-A3A2-446C-B3EC-EE5EE20E452B}.Debug|x86.ActiveCfg = Debug|Win32
		{1B3B90FE-A3A2-446C-B3EC-EE5EE20E452B}.Debug|x86.Build.0 = Debug|Win32
		{1B3B90FE-A3A2-446C-B3EC-EE5EE20E452B}.Release|x64.ActiveCfg = Release|x64
		{1B3B90FE-A3A2-446C-B3EC-EE5EE20E452B}.Release|x64.Build.0 = Release|x64
		{1B3B90FE-A3A2-446C-B3EC-EE5EE20E452B}.Release|x86.ActiveCfg = Release|Win32
		{1B3B90FE-A3A2-446C-B3EC-EE5EE20E452B}.Release|x86.Build.0 = Release|Win32
	EndGlobalSection
	GlobalSection(SolutionProperties) = preSolution
		HideSolutionNode = FALSE
	EndGlobalSection
	GlobalSection(NestedProjects) = preSolution
		{8D20BF14-7498-4827-86B7-A82FD13A0997} = {C8D5274F-AC00-46C7-1F8D-E88E81087A52}
		{587DA08E-26D3-489A-8393-D7F39C1B6AE9} = {C8D5274F-AC00-46C7-1F8D-E88E81087A52}
		{50D92693-E60D-4C26-B549-BD16A32C9238} = {C8D5274F-AC00-46C7-1F8D-E88E81087A52}
		{6150815D-EA5A-4514-9A66-8CF4D42032F5} = {C8D5274F-AC00-46C7-1F8D-E88E81087A52}
		{216C7374-B3DF-4F74-BA4A-144866B348B6} = {C8D5274F-AC00-46C7-1F8D-E88E81087A52}
		{0F0F3CA3-F050-4B53-8B9F-0E79CF4EA425} = {447685C9-C551-46F3-AE3E-0FE4CE752308}
		{CA54C6C1-C41B-4F8F-9660-E90C311FA1D5} = {04F62CD2-0219-4C94-9E2A-F30A237A4CB4}
		{0429EEA4-3D82-47CA-A312-99D56A0552B6} = {5F3FD7D0-BA6A-4F68-80AC-57D14EE3A38F}
		{AEE9C6FC-C67B-4001-A5FA-BCACC78995DA} = {447685C9-C551-46F3-AE3E-0FE4CE752308}
		{4F70A44F-145C-4657-A1A2-61080A73442A} = {447685C9-C551-46F3-AE3E-0FE4CE752308}
		{447685C9-C551-46F3-AE3E-0FE4CE752308} = {F01DA764-9968-4096-9B5A-5F2CDBA4FB5E}
		{5C38223D-C353-4AAB-8874-DBF6AF2FF239} = {5F3FD7D0-BA6A-4F68-80AC-57D14EE3A38F}
		{FBF5B04F-99D5-4EC4-95EC-A831B0DD586F} = {447685C9-C551-46F3-AE3E-0FE4CE752308}
		{2A75F9B6-038E-4CD0-8701-EF747A088DFA} = {5423ABD1-AF0D-429D-B2CC-56881EC9652A}
		{5F3FD7D0-BA6A-4F68-80AC-57D14EE3A38F} = {F01DA764-9968-4096-9B5A-5F2CDBA4FB5E}
		{89D8E057-01F2-4B73-9340-AFCE76C049D2} = {2A75F9B6-038E-4CD0-8701-EF747A088DFA}
		{B602644D-6AFF-4A5C-916D-6C57F156F4C5} = {2A75F9B6-038E-4CD0-8701-EF747A088DFA}
		{9F01AFBD-6FEC-48CE-9960-7EDFB94C6E80} = {2A75F9B6-038E-4CD0-8701-EF747A088DFA}
		{D9758177-1FC5-4FE0-8DAE-D88679FC0D7B} = {2A75F9B6-038E-4CD0-8701-EF747A088DFA}
		{F2829057-E329-4C56-9D9C-83FC123ED40D} = {2A75F9B6-038E-4CD0-8701-EF747A088DFA}
		{1B3B90FE-A3A2-446C-B3EC-EE5EE20E452B} = {79D65340-B71B-4224-8297-290B59AF1C5E}
	EndGlobalSection
	GlobalSection(ExtensibilityGlobals) = postSolution
		SolutionGuid = {E2F5D489-0755-4B71-B493-833E7DDEAC1C}
	EndGlobalSection
EndGlobal
