<?xml version="1.0" encoding="utf-8"?>
<Project ToolsVersion="4.0" xmlns="http://schemas.microsoft.com/developer/msbuild/2003">
  <ItemGroup>
    <Filter Include="헤더 파일">
      <UniqueIdentifier>{93995380-89BD-4b04-88EB-625FBE52EBFB}</UniqueIdentifier>
      <Extensions>h;hh;hpp;hxx;h++;hm;inl;inc;ipp;xsd</Extensions>
    </Filter>
    <Filter Include="리소스 파일">
      <UniqueIdentifier>{67DA6AB6-F800-4c08-8B7A-83BB121AAD01}</UniqueIdentifier>
      <Extensions>rc;ico;cur;bmp;dlg;rc2;rct;bin;rgs;gif;jpg;jpeg;jpe;resx;tiff;tif;png;wav;mfcribbon-ms</Extensions>
    </Filter>
    <Filter Include="메인윈도우시스템">
      <UniqueIdentifier>{8c006696-f2f7-4beb-b7b0-c334619ab8eb}</UniqueIdentifier>
    </Filter>
    <Filter Include="미리컴파일된헤더">
      <UniqueIdentifier>{adc013f8-cd0a-41a5-a29c-e42894b1cba5}</UniqueIdentifier>
    </Filter>
    <Filter Include="유틸리티">
      <UniqueIdentifier>{b7acaeb6-c773-4731-a959-191f5ea9808c}</UniqueIdentifier>
    </Filter>
    <Filter Include="프로시저">
      <UniqueIdentifier>{4FC737F1-C7A5-4376-A066-2A32D752A2FF}</UniqueIdentifier>
      <Extensions>cpp;c;cc;cxx;c++;cppm;ixx;def;odl;idl;hpj;bat;asm;asmx</Extensions>
    </Filter>
  </ItemGroup>
  <ItemGroup>
    <ClInclude Include="framework.h">
      <Filter>헤더 파일</Filter>
    </ClInclude>
    <ClInclude Include="targetver.h">
      <Filter>헤더 파일</Filter>
    </ClInclude>
    <ClInclude Include="Resource.h">
      <Filter>헤더 파일</Filter>
    </ClInclude>
    <ClInclude Include="pch.h">
      <Filter>미리컴파일된헤더</Filter>
    </ClInclude>
    <ClInclude Include="WP_Clock_02.h">
      <Filter>메인윈도우시스템</Filter>
    </ClInclude>
    <ClInclude Include="AboutProc.h">
      <Filter>프로시저</Filter>
    </ClInclude>
    <ClInclude Include="MainProc.h">
      <Filter>프로시저</Filter>
    </ClInclude>
    <ClInclude Include="gdiUtil.h">
      <Filter>유틸리티</Filter>
    </ClInclude>
    <ClInclude Include="gdiUtilFND.h">
      <Filter>유틸리티</Filter>
    </ClInclude>
  </ItemGroup>
  <ItemGroup>
    <ClCompile Include="pch.cpp">
      <Filter>미리컴파일된헤더</Filter>
    </ClCompile>
    <ClCompile Include="WP_Clock_02.cpp">
      <Filter>메인윈도우시스템</Filter>
    </ClCompile>
    <ClCompile Include="AboutProc.cpp">
      <Filter>프로시저</Filter>
    </ClCompile>
    <ClCompile Include="MainProc.cpp">
      <Filter>프로시저</Filter>
    </ClCompile>
    <ClCompile Include="gdiUtil.cpp">
      <Filter>유틸리티</Filter>
    </ClCompile>
    <ClCompile Include="gdiUtilFND.cpp">
      <Filter>유틸리티</Filter>
    </ClCompile>
  </ItemGroup>
  <ItemGroup>
    <ResourceCompile Include="WP_Clock_02.rc">
      <Filter>리소스 파일</Filter>
    </ResourceCompile>
  </ItemGroup>
  <ItemGroup>
    <Image Include="small.ico">
      <Filter>리소스 파일</Filter>
    </Image>
    <Image Include="WP_Clock_02.ico">
      <Filter>리소스 파일</Filter>
    </Image>
  </ItemGroup>
</Project>