<?xml version="1.0" encoding="utf-8"?>
<Project ToolsVersion="4.0" xmlns="http://schemas.microsoft.com/developer/msbuild/2003">
  <ItemGroup>
    <Filter Include="헤더 파일">
      <UniqueIdentifier>{93995380-89BD-4b04-88EB-625FBE52EBFB}</UniqueIdentifier>
      <Extensions>h;hh;hpp;hxx;h++;hm;inl;inc;ipp;xsd</Extensions>
    </Filter>
    <Filter Include="리소스 파일">
      <UniqueIdentifier>{67DA6AB6-F800-4c08-8B7A-83BB121AAD01}</UniqueIdentifier>
      <Extensions>rc;ico;cur;bmp;dlg;rc2;rct;bin;rgs;gif;jpg;jpeg;jpe;resx;tiff;tif;png;wav;mfcribbon-ms</Extensions>
    </Filter>
    <Filter Include="메인윈도우시스템">
      <UniqueIdentifier>{3e96548c-b073-42ab-b453-c8683b7c5a53}</UniqueIdentifier>
    </Filter>
    <Filter Include="프로시저">
      <UniqueIdentifier>{26ba203f-d14c-4b23-bd28-6abfe229c8e7}</UniqueIdentifier>
    </Filter>
    <Filter Include="미리컴파일된해더">
      <UniqueIdentifier>{cfb056b9-f6b6-4e2c-81cd-b280a708c54c}</UniqueIdentifier>
    </Filter>
    <Filter Include="유틸리티">
      <UniqueIdentifier>{b311e57a-98b8-4074-882a-66a614a74418}</UniqueIdentifier>
    </Filter>
  </ItemGroup>
  <ItemGroup>
    <ClInclude Include="framework.h">
      <Filter>헤더 파일</Filter>
    </ClInclude>
    <ClInclude Include="targetver.h">
      <Filter>헤더 파일</Filter>
    </ClInclude>
    <ClInclude Include="Resource.h">
      <Filter>헤더 파일</Filter>
    </ClInclude>
    <ClInclude Include="WP_Clock01.h">
      <Filter>메인윈도우시스템</Filter>
    </ClInclude>
    <ClInclude Include="pch.h">
      <Filter>미리컴파일된해더</Filter>
    </ClInclude>
    <ClInclude Include="MainProc.h">
      <Filter>프로시저</Filter>
    </ClInclude>
    <ClInclude Include="AboutProc.h">
      <Filter>프로시저</Filter>
    </ClInclude>
    <ClInclude Include="gdiUtil.h">
      <Filter>유틸리티</Filter>
    </ClInclude>
  </ItemGroup>
  <ItemGroup>
    <ClCompile Include="WP_Clock01.cpp">
      <Filter>메인윈도우시스템</Filter>
    </ClCompile>
    <ClCompile Include="pch.cpp">
      <Filter>미리컴파일된해더</Filter>
    </ClCompile>
    <ClCompile Include="MainProc.cpp">
      <Filter>프로시저</Filter>
    </ClCompile>
    <ClCompile Include="AboutProc.cpp">
      <Filter>프로시저</Filter>
    </ClCompile>
    <ClCompile Include="gdiUtil.cpp">
      <Filter>유틸리티</Filter>
    </ClCompile>
  </ItemGroup>
  <ItemGroup>
    <ResourceCompile Include="WP_Clock01.rc">
      <Filter>리소스 파일</Filter>
    </ResourceCompile>
  </ItemGroup>
  <ItemGroup>
    <Image Include="small.ico">
      <Filter>리소스 파일</Filter>
    </Image>
    <Image Include="WP_Clock01.ico">
      <Filter>리소스 파일</Filter>
    </Image>
  </ItemGroup>
</Project>